
Microsoft Visual Studio Solution File, Format Version 12.00
# Visual Studio 2012
Project("{FAE04EC0-301F-11D3-BF4B-00C04F79EFBC}") = "MedicoSolutions", "MedicoSolutions\MedicoSolutions.csproj", "{2BDDDA76-FEE2-48F2-A094-AB4DE9CE5720}"
EndProject
Global
	GlobalSection(SolutionConfigurationPlatforms) = preSolution
		Debug|Any CPU = Debug|Any CPU
		Release|Any CPU = Release|Any CPU
	EndGlobalSection
	GlobalSection(ProjectConfigurationPlatforms) = postSolution
		{2BDDDA76-FEE2-48F2-A094-AB4DE9CE5720}.Debug|Any CPU.ActiveCfg = Debug|Any CPU
		{2BDDDA76-FEE2-48F2-A094-AB4DE9CE5720}.Debug|Any CPU.Build.0 = Debug|Any CPU
		{2BDDDA76-FEE2-48F2-A094-AB4DE9CE5720}.Release|Any CPU.ActiveCfg = Release|Any CPU
		{2BDDDA76-FEE2-48F2-A094-AB4DE9CE5720}.Release|Any CPU.Build.0 = Release|Any CPU
	EndGlobalSection
	GlobalSection(SolutionProperties) = preSolution
		HideSolutionNode = FALSE
	EndGlobalSection
EndGlobal
